// !$*UTF8*$!
{
	archiveVersion = 1;
	classes = {
	};
	objectVersion = 50;
	objects = {

/* Begin PBXBuildFile section */
		AB30AD1125C982EA00BD843E /* StoreKit.framework in Frameworks */ = {isa = PBXBuildFile; fileRef = AB30AD1025C982EA00BD843E /* StoreKit.framework */; };
		ABD882E825C97F8D008A4E4F /* PurchaseCell.swift in Sources */ = {isa = PBXBuildFile; fileRef = ABD882E725C97F8D008A4E4F /* PurchaseCell.swift */; };
		DABDE1C025C97A18003AABDC /* AppDelegate.swift in Sources */ = {isa = PBXBuildFile; fileRef = DABDE1BF25C97A18003AABDC /* AppDelegate.swift */; };
		DABDE1C225C97A18003AABDC /* SceneDelegate.swift in Sources */ = {isa = PBXBuildFile; fileRef = DABDE1C125C97A18003AABDC /* SceneDelegate.swift */; };
		DABDE1C425C97A18003AABDC /* ViewController.swift in Sources */ = {isa = PBXBuildFile; fileRef = DABDE1C325C97A18003AABDC /* ViewController.swift */; };
		DABDE1C725C97A18003AABDC /* Main.storyboard in Resources */ = {isa = PBXBuildFile; fileRef = DABDE1C525C97A18003AABDC /* Main.storyboard */; };
		DABDE1C925C97A1C003AABDC /* Assets.xcassets in Resources */ = {isa = PBXBuildFile; fileRef = DABDE1C825C97A1C003AABDC /* Assets.xcassets */; };
		DABDE1CC25C97A1C003AABDC /* LaunchScreen.storyboard in Resources */ = {isa = PBXBuildFile; fileRef = DABDE1CA25C97A1C003AABDC /* LaunchScreen.storyboard */; };
/* End PBXBuildFile section */

/* Begin PBXFileReference section */
		AB30AD1025C982EA00BD843E /* StoreKit.framework */ = {isa = PBXFileReference; lastKnownFileType = wrapper.framework; name = StoreKit.framework; path = System/Library/Frameworks/StoreKit.framework; sourceTree = SDKROOT; };
		ABD882E725C97F8D008A4E4F /* PurchaseCell.swift */ = {isa = PBXFileReference; lastKnownFileType = sourcecode.swift; path = PurchaseCell.swift; sourceTree = "<group>"; };
		DABDE1BC25C97A18003AABDC /* Shiny.app */ = {isa = PBXFileReference; explicitFileType = wrapper.application; includeInIndex = 0; path = Shiny.app; sourceTree = BUILT_PRODUCTS_DIR; };
		DABDE1BF25C97A18003AABDC /* AppDelegate.swift */ = {isa = PBXFileReference; lastKnownFileType = sourcecode.swift; path = AppDelegate.swift; sourceTree = "<group>"; };
		DABDE1C125C97A18003AABDC /* SceneDelegate.swift */ = {isa = PBXFileReference; lastKnownFileType = sourcecode.swift; path = SceneDelegate.swift; sourceTree = "<group>"; };
		DABDE1C325C97A18003AABDC /* ViewController.swift */ = {isa = PBXFileReference; lastKnownFileType = sourcecode.swift; path = ViewController.swift; sourceTree = "<group>"; };
		DABDE1C625C97A18003AABDC /* Base */ = {isa = PBXFileReference; lastKnownFileType = file.storyboard; name = Base; path = Base.lproj/Main.storyboard; sourceTree = "<group>"; };
		DABDE1C825C97A1C003AABDC /* Assets.xcassets */ = {isa = PBXFileReference; lastKnownFileType = folder.assetcatalog; path = Assets.xcassets; sourceTree = "<group>"; };
		DABDE1CB25C97A1C003AABDC /* Base */ = {isa = PBXFileReference; lastKnownFileType = file.storyboard; name = Base; path = Base.lproj/LaunchScreen.storyboard; sourceTree = "<group>"; };
		DABDE1CD25C97A1C003AABDC /* Info.plist */ = {isa = PBXFileReference; lastKnownFileType = text.plist.xml; path = Info.plist; sourceTree = "<group>"; };
/* End PBXFileReference section */

/* Begin PBXFrameworksBuildPhase section */
		DABDE1B925C97A18003AABDC /* Frameworks */ = {
			isa = PBXFrameworksBuildPhase;
			buildActionMask = 2147483647;
			files = (
				AB30AD1125C982EA00BD843E /* StoreKit.framework in Frameworks */,
			);
			runOnlyForDeploymentPostprocessing = 0;
		};
/* End PBXFrameworksBuildPhase section */

/* Begin PBXGroup section */
		AB30AD0F25C982EA00BD843E /* Frameworks */ = {
			isa = PBXGroup;
			children = (
				AB30AD1025C982EA00BD843E /* StoreKit.framework */,
			);
			name = Frameworks;
			sourceTree = "<group>";
		};
		DABDE1B325C97A18003AABDC = {
			isa = PBXGroup;
			children = (
				DABDE1BE25C97A18003AABDC /* Shiny */,
				DABDE1BD25C97A18003AABDC /* Products */,
				AB30AD0F25C982EA00BD843E /* Frameworks */,
			);
			sourceTree = "<group>";
		};
		DABDE1BD25C97A18003AABDC /* Products */ = {
			isa = PBXGroup;
			children = (
				DABDE1BC25C97A18003AABDC /* Shiny.app */,
			);
			name = Products;
			sourceTree = "<group>";
		};
		DABDE1BE25C97A18003AABDC /* Shiny */ = {
			isa = PBXGroup;
			children = (
				DABDE1BF25C97A18003AABDC /* AppDelegate.swift */,
				DABDE1C125C97A18003AABDC /* SceneDelegate.swift */,
				DABDE1C325C97A18003AABDC /* ViewController.swift */,
				DABDE1C525C97A18003AABDC /* Main.storyboard */,
				DABDE1C825C97A1C003AABDC /* Assets.xcassets */,
				DABDE1CA25C97A1C003AABDC /* LaunchScreen.storyboard */,
				DABDE1CD25C97A1C003AABDC /* Info.plist */,
				ABD882E725C97F8D008A4E4F /* PurchaseCell.swift */,
			);
			path = Shiny;
			sourceTree = "<group>";
		};
/* End PBXGroup section */

/* Begin PBXNativeTarget section */
		DABDE1BB25C97A18003AABDC /* Shiny */ = {
			isa = PBXNativeTarget;
			buildConfigurationList = DABDE1D025C97A1C003AABDC /* Build configuration list for PBXNativeTarget "Shiny" */;
			buildPhases = (
				DABDE1B825C97A18003AABDC /* Sources */,
				DABDE1B925C97A18003AABDC /* Frameworks */,
				DABDE1BA25C97A18003AABDC /* Resources */,
			);
			buildRules = (
			);
			dependencies = (
			);
			name = Shiny;
			productName = Shiny;
			productReference = DABDE1BC25C97A18003AABDC /* Shiny.app */;
			productType = "com.apple.product-type.application";
		};
/* End PBXNativeTarget section */

/* Begin PBXProject section */
		DABDE1B425C97A18003AABDC /* Project object */ = {
			isa = PBXProject;
			attributes = {
				LastSwiftUpdateCheck = 1240;
				LastUpgradeCheck = 1240;
				TargetAttributes = {
					DABDE1BB25C97A18003AABDC = {
						CreatedOnToolsVersion = 12.4;
					};
				};
			};
			buildConfigurationList = DABDE1B725C97A18003AABDC /* Build configuration list for PBXProject "Shiny" */;
			compatibilityVersion = "Xcode 9.3";
			developmentRegion = en;
			hasScannedForEncodings = 0;
			knownRegions = (
				en,
				Base,
			);
			mainGroup = DABDE1B325C97A18003AABDC;
			productRefGroup = DABDE1BD25C97A18003AABDC /* Products */;
			projectDirPath = "";
			projectRoot = "";
			targets = (
				DABDE1BB25C97A18003AABDC /* Shiny */,
			);
		};
/* End PBXProject section */

/* Begin PBXResourcesBuildPhase section */
		DABDE1BA25C97A18003AABDC /* Resources */ = {
			isa = PBXResourcesBuildPhase;
			buildActionMask = 2147483647;
			files = (
				DABDE1CC25C97A1C003AABDC /* LaunchScreen.storyboard in Resources */,
				DABDE1C925C97A1C003AABDC /* Assets.xcassets in Resources */,
				DABDE1C725C97A18003AABDC /* Main.storyboard in Resources */,
			);
			runOnlyForDeploymentPostprocessing = 0;
		};
/* End PBXResourcesBuildPhase section */

/* Begin PBXSourcesBuildPhase section */
		DABDE1B825C97A18003AABDC /* Sources */ = {
			isa = PBXSourcesBuildPhase;
			buildActionMask = 2147483647;
			files = (
				ABD882E825C97F8D008A4E4F /* PurchaseCell.swift in Sources */,
				DABDE1C425C97A18003AABDC /* ViewController.swift in Sources */,
				DABDE1C025C97A18003AABDC /* AppDelegate.swift in Sources */,
				DABDE1C225C97A18003AABDC /* SceneDelegate.swift in Sources */,
			);
			runOnlyForDeploymentPostprocessing = 0;
		};
/* End PBXSourcesBuildPhase section */

/* Begin PBXVariantGroup section */
		DABDE1C525C97A18003AABDC /* Main.storyboard */ = {
			isa = PBXVariantGroup;
			children = (
				DABDE1C625C97A18003AABDC /* Base */,
			);
			name = Main.storyboard;
			sourceTree = "<group>";
		};
		DABDE1CA25C97A1C003AABDC /* LaunchScreen.storyboard */ = {
			isa = PBXVariantGroup;
			children = (
				DABDE1CB25C97A1C003AABDC /* Base */,
			);
			name = LaunchScreen.storyboard;
			sourceTree = "<group>";
		};
/* End PBXVariantGroup section */

/* Begin XCBuildConfiguration section */
		DABDE1CE25C97A1C003AABDC /* Debug */ = {
			isa = XCBuildConfiguration;
			buildSettings = {
				ALWAYS_SEARCH_USER_PATHS = NO;
				CLANG_ANALYZER_NONNULL = YES;
				CLANG_ANALYZER_NUMBER_OBJECT_CONVERSION = YES_AGGRESSIVE;
				CLANG_CXX_LANGUAGE_STANDARD = "gnu++14";
				CLANG_CXX_LIBRARY = "libc++";
				CLANG_ENABLE_MODULES = YES;
				CLANG_ENABLE_OBJC_ARC = YES;
				CLANG_ENABLE_OBJC_WEAK = YES;
				CLANG_WARN_BLOCK_CAPTURE_AUTORELEASING = YES;
				CLANG_WARN_BOOL_CONVERSION = YES;
				CLANG_WARN_COMMA = YES;
				CLANG_WARN_CONSTANT_CONVERSION = YES;
				CLANG_WARN_DEPRECATED_OBJC_IMPLEMENTATIONS = YES;
				CLANG_WARN_DIRECT_OBJC_ISA_USAGE = YES_ERROR;
				CLANG_WARN_DOCUMENTATION_COMMENTS = YES;
				CLANG_WARN_EMPTY_BODY = YES;
				CLANG_WARN_ENUM_CONVERSION = YES;
				CLANG_WARN_INFINITE_RECURSION = YES;
				CLANG_WARN_INT_CONVERSION = YES;
				CLANG_WARN_NON_LITERAL_NULL_CONVERSION = YES;
				CLANG_WARN_OBJC_IMPLICIT_RETAIN_SELF = YES;
				CLANG_WARN_OBJC_LITERAL_CONVERSION = YES;
				CLANG_WARN_OBJC_ROOT_CLASS = YES_ERROR;
				CLANG_WARN_QUOTED_INCLUDE_IN_FRAMEWORK_HEADER = YES;
				CLANG_WARN_RANGE_LOOP_ANALYSIS = YES;
				CLANG_WARN_STRICT_PROTOTYPES = YES;
				CLANG_WARN_SUSPICIOUS_MOVE = YES;
				CLANG_WARN_UNGUARDED_AVAILABILITY = YES_AGGRESSIVE;
				CLANG_WARN_UNREACHABLE_CODE = YES;
				CLANG_WARN__DUPLICATE_METHOD_MATCH = YES;
				COPY_PHASE_STRIP = NO;
				DEBUG_INFORMATION_FORMAT = dwarf;
				ENABLE_STRICT_OBJC_MSGSEND = YES;
				ENABLE_TESTABILITY = YES;
				GCC_C_LANGUAGE_STANDARD = gnu11;
				GCC_DYNAMIC_NO_PIC = NO;
				GCC_NO_COMMON_BLOCKS = YES;
				GCC_OPTIMIZATION_LEVEL = 0;
				GCC_PREPROCESSOR_DEFINITIONS = (
					"DEBUG=1",
					"$(inherited)",
				);
				GCC_WARN_64_TO_32_BIT_CONVERSION = YES;
				GCC_WARN_ABOUT_RETURN_TYPE = YES_ERROR;
				GCC_WARN_UNDECLARED_SELECTOR = YES;
				GCC_WARN_UNINITIALIZED_AUTOS = YES_AGGRESSIVE;
				GCC_WARN_UNUSED_FUNCTION = YES;
				GCC_WARN_UNUSED_VARIABLE = YES;
				IPHONEOS_DEPLOYMENT_TARGET = 14.4;
				MTL_ENABLE_DEBUG_INFO = INCLUDE_SOURCE;
				MTL_FAST_MATH = YES;
				ONLY_ACTIVE_ARCH = YES;
				SDKROOT = iphoneos;
				SWIFT_ACTIVE_COMPILATION_CONDITIONS = DEBUG;
				SWIFT_OPTIMIZATION_LEVEL = "-Onone";
			};
			name = Debug;
		};
		DABDE1CF25C97A1C003AABDC /* Release */ = {
			isa = XCBuildConfiguration;
			buildSettings = {
				ALWAYS_SEARCH_USER_PATHS = NO;
				CLANG_ANALYZER_NONNULL = YES;
				CLANG_ANALYZER_NUMBER_OBJECT_CONVERSION = YES_AGGRESSIVE;
				CLANG_CXX_LANGUAGE_STANDARD = "gnu++14";
				CLANG_CXX_LIBRARY = "libc++";
				CLANG_ENABLE_MODULES = YES;
				CLANG_ENABLE_OBJC_ARC = YES;
				CLANG_ENABLE_OBJC_WEAK = YES;
				CLANG_WARN_BLOCK_CAPTURE_AUTORELEASING = YES;
				CLANG_WARN_BOOL_CONVERSION = YES;
				CLANG_WARN_COMMA = YES;
				CLANG_WARN_CONSTANT_CONVERSION = YES;
				CLANG_WARN_DEPRECATED_OBJC_IMPLEMENTATIONS = YES;
				CLANG_WARN_DIRECT_OBJC_ISA_USAGE = YES_ERROR;
				CLANG_WARN_DOCUMENTATION_COMMENTS = YES;
				CLANG_WARN_EMPTY_BODY = YES;
				CLANG_WARN_ENUM_CONVERSION = YES;
				CLANG_WARN_INFINITE_RECURSION = YES;
				CLANG_WARN_INT_CONVERSION = YES;
				CLANG_WARN_NON_LITERAL_NULL_CONVERSION = YES;
				CLANG_WARN_OBJC_IMPLICIT_RETAIN_SELF = YES;
				CLANG_WARN_OBJC_LITERAL_CONVERSION = YES;
				CLANG_WARN_OBJC_ROOT_CLASS = YES_ERROR;
				CLANG_WARN_QUOTED_INCLUDE_IN_FRAMEWORK_HEADER = YES;
				CLANG_WARN_RANGE_LOOP_ANALYSIS = YES;
				CLANG_WARN_STRICT_PROTOTYPES = YES;
				CLANG_WARN_SUSPICIOUS_MOVE = YES;
				CLANG_WARN_UNGUARDED_AVAILABILITY = YES_AGGRESSIVE;
				CLANG_WARN_UNREACHABLE_CODE = YES;
				CLANG_WARN__DUPLICATE_METHOD_MATCH = YES;
				COPY_PHASE_STRIP = NO;
				DEBUG_INFORMATION_FORMAT = "dwarf-with-dsym";
				ENABLE_NS_ASSERTIONS = NO;
				ENABLE_STRICT_OBJC_MSGSEND = YES;
				GCC_C_LANGUAGE_STANDARD = gnu11;
				GCC_NO_COMMON_BLOCKS = YES;
				GCC_WARN_64_TO_32_BIT_CONVERSION = YES;
				GCC_WARN_ABOUT_RETURN_TYPE = YES_ERROR;
				GCC_WARN_UNDECLARED_SELECTOR = YES;
				GCC_WARN_UNINITIALIZED_AUTOS = YES_AGGRESSIVE;
				GCC_WARN_UNUSED_FUNCTION = YES;
				GCC_WARN_UNUSED_VARIABLE = YES;
				IPHONEOS_DEPLOYMENT_TARGET = 14.4;
				MTL_ENABLE_DEBUG_INFO = NO;
				MTL_FAST_MATH = YES;
				SDKROOT = iphoneos;
				SWIFT_COMPILATION_MODE = wholemodule;
				SWIFT_OPTIMIZATION_LEVEL = "-O";
				VALIDATE_PRODUCT = YES;
			};
			name = Release;
		};
		DABDE1D125C97A1C003AABDC /* Debug */ = {
			isa = XCBuildConfiguration;
			buildSettings = {
				ASSETCATALOG_COMPILER_APPICON_NAME = AppIcon;
				ASSETCATALOG_COMPILER_GLOBAL_ACCENT_COLOR_NAME = AccentColor;
				CODE_SIGN_STYLE = Automatic;
				DEVELOPMENT_TEAM = S8TY89ZL5Q;
				INFOPLIST_FILE = Shiny/Info.plist;
				LD_RUNPATH_SEARCH_PATHS = (
					"$(inherited)",
					"@executable_path/Frameworks",
				);
				PRODUCT_BUNDLE_IDENTIFIER = PG.Shiny;
				PRODUCT_NAME = "$(TARGET_NAME)";
				SWIFT_VERSION = 5.0;
				TARGETED_DEVICE_FAMILY = "1,2";
			};
			name = Debug;
		};
		DABDE1D225C97A1C003AABDC /* Release */ = {
			isa = XCBuildConfiguration;
			buildSettings = {
				ASSETCATALOG_COMPILER_APPICON_NAME = AppIcon;
				ASSETCATALOG_COMPILER_GLOBAL_ACCENT_COLOR_NAME = AccentColor;
				CODE_SIGN_STYLE = Automatic;
				DEVELOPMENT_TEAM = S8TY89ZL5Q;
				INFOPLIST_FILE = Shiny/Info.plist;
				LD_RUNPATH_SEARCH_PATHS = (
					"$(inherited)",
					"@executable_path/Frameworks",
				);
				PRODUCT_BUNDLE_IDENTIFIER = PG.Shiny;
				PRODUCT_NAME = "$(TARGET_NAME)";
				SWIFT_VERSION = 5.0;
				TARGETED_DEVICE_FAMILY = "1,2";
			};
			name = Release;
		};
/* End XCBuildConfiguration section */

/* Begin XCConfigurationList section */
		DABDE1B725C97A18003AABDC /* Build configuration list for PBXProject "Shiny" */ = {
			isa = XCConfigurationList;
			buildConfigurations = (
				DABDE1CE25C97A1C003AABDC /* Debug */,
				DABDE1CF25C97A1C003AABDC /* Release */,
			);
			defaultConfigurationIsVisible = 0;
			defaultConfigurationName = Release;
		};
		DABDE1D025C97A1C003AABDC /* Build configuration list for PBXNativeTarget "Shiny" */ = {
			isa = XCConfigurationList;
			buildConfigurations = (
				DABDE1D125C97A1C003AABDC /* Debug */,
				DABDE1D225C97A1C003AABDC /* Release */,
			);
			defaultConfigurationIsVisible = 0;
			defaultConfigurationName = Release;
		};
/* End XCConfigurationList section */
	};
	rootObject = DABDE1B425C97A18003AABDC /* Project object */;
}
